// !$*UTF8*$!
{
	archiveVersion = 1;
	classes = {
	};
	objectVersion = 56;
	objects = {

/* Begin PBXBuildFile section */
		CC0591BE2ADCA022000E0AB8 /* ModalHelper.swift in Sources */ = {isa = PBXBuildFile; fileRef = CC0591BD2ADCA022000E0AB8 /* ModalHelper.swift */; };
		CC87C3F22ACA47EF008C9E0A /* AppDelegate.swift in Sources */ = {isa = PBXBuildFile; fileRef = CC87C3F12ACA47EF008C9E0A /* AppDelegate.swift */; };
		CC87C3F42ACA47EF008C9E0A /* SceneDelegate.swift in Sources */ = {isa = PBXBuildFile; fileRef = CC87C3F32ACA47EF008C9E0A /* SceneDelegate.swift */; };
		CC87C3F62ACA47EF008C9E0A /* ViewController.swift in Sources */ = {isa = PBXBuildFile; fileRef = CC87C3F52ACA47EF008C9E0A /* ViewController.swift */; };
		CC87C3F92ACA47EF008C9E0A /* Main.storyboard in Resources */ = {isa = PBXBuildFile; fileRef = CC87C3F72ACA47EF008C9E0A /* Main.storyboard */; };
		CC87C3FB2ACA47F1008C9E0A /* Assets.xcassets in Resources */ = {isa = PBXBuildFile; fileRef = CC87C3FA2ACA47F1008C9E0A /* Assets.xcassets */; };
		CC87C3FE2ACA47F1008C9E0A /* LaunchScreen.storyboard in Resources */ = {isa = PBXBuildFile; fileRef = CC87C3FC2ACA47F1008C9E0A /* LaunchScreen.storyboard */; };
		CC90646D2ACE2B3A00616006 /* BluetoothControl.framework in Frameworks */ = {isa = PBXBuildFile; fileRef = CCBD0EC82ACE2AA100C7BCEF /* BluetoothControl.framework */; };
		CC90646E2ACE2B3A00616006 /* BluetoothControl.framework in Embed Frameworks */ = {isa = PBXBuildFile; fileRef = CCBD0EC82ACE2AA100C7BCEF /* BluetoothControl.framework */; settings = {ATTRIBUTES = (CodeSignOnCopy, RemoveHeadersOnCopy, ); }; };
		CC9064702ACE2B3C00616006 /* CameraControlInterface.framework in Frameworks */ = {isa = PBXBuildFile; fileRef = CCBD0ED62ACE2AAF00C7BCEF /* CameraControlInterface.framework */; };
		CC9064712ACE2B3C00616006 /* CameraControlInterface.framework in Embed Frameworks */ = {isa = PBXBuildFile; fileRef = CCBD0ED62ACE2AAF00C7BCEF /* CameraControlInterface.framework */; settings = {ATTRIBUTES = (CodeSignOnCopy, RemoveHeadersOnCopy, ); }; };
		CC9064722ACE2B3E00616006 /* CCU.framework in Frameworks */ = {isa = PBXBuildFile; fileRef = CCBD0EC02ACE2A9300C7BCEF /* CCU.framework */; };
		CC9064732ACE2B3E00616006 /* CCU.framework in Embed Frameworks */ = {isa = PBXBuildFile; fileRef = CCBD0EC02ACE2A9300C7BCEF /* CCU.framework */; settings = {ATTRIBUTES = (CodeSignOnCopy, RemoveHeadersOnCopy, ); }; };
		CC9064742ACE2B4000616006 /* Utility.framework in Frameworks */ = {isa = PBXBuildFile; fileRef = CCBD0EB92ACE2A7700C7BCEF /* Utility.framework */; };
		CC9064752ACE2B4000616006 /* Utility.framework in Embed Frameworks */ = {isa = PBXBuildFile; fileRef = CCBD0EB92ACE2A7700C7BCEF /* Utility.framework */; settings = {ATTRIBUTES = (CodeSignOnCopy, RemoveHeadersOnCopy, ); }; };
/* End PBXBuildFile section */

/* Begin PBXContainerItemProxy section */
		CCBD0EB82ACE2A7700C7BCEF /* PBXContainerItemProxy */ = {
			isa = PBXContainerItemProxy;
			containerPortal = CCBD0EB42ACE2A7700C7BCEF /* Utility.xcodeproj */;
			proxyType = 2;
			remoteGlobalIDString = 1BD6162523CBED920055810B;
			remoteInfo = "Utility-iOS";
		};
		CCBD0EBF2ACE2A9300C7BCEF /* PBXContainerItemProxy */ = {
			isa = PBXContainerItemProxy;
			containerPortal = CCBD0EBA2ACE2A9300C7BCEF /* CCU.xcodeproj */;
			proxyType = 2;
			remoteGlobalIDString = 1BD6165623CBF4AD0055810B;
			remoteInfo = "CCU-iOS";
		};
		CCBD0EC72ACE2AA100C7BCEF /* PBXContainerItemProxy */ = {
			isa = PBXContainerItemProxy;
			containerPortal = CCBD0EC12ACE2AA100C7BCEF /* BluetoothControl.xcodeproj */;
			proxyType = 2;
			remoteGlobalIDString = 1BD6185F23CC21D40055810B;
			remoteInfo = "BluetoothControl-iOS";
		};
		CCBD0ED52ACE2AAF00C7BCEF /* PBXContainerItemProxy */ = {
			isa = PBXContainerItemProxy;
			containerPortal = CCBD0EC92ACE2AAF00C7BCEF /* CameraControlInterface.xcodeproj */;
			proxyType = 2;
			remoteGlobalIDString = 1BD6182A23CC207D0055810B;
			remoteInfo = "CameraControlInterface-iOS";
		};
/* End PBXContainerItemProxy section */

/* Begin PBXCopyFilesBuildPhase section */
		CC90646F2ACE2B3A00616006 /* Embed Frameworks */ = {
			isa = PBXCopyFilesBuildPhase;
			buildActionMask = 2147483647;
			dstPath = "";
			dstSubfolderSpec = 10;
			files = (
				CC9064732ACE2B3E00616006 /* CCU.framework in Embed Frameworks */,
				CC9064752ACE2B4000616006 /* Utility.framework in Embed Frameworks */,
				CC9064712ACE2B3C00616006 /* CameraControlInterface.framework in Embed Frameworks */,
				CC90646E2ACE2B3A00616006 /* BluetoothControl.framework in Embed Frameworks */,
			);
			name = "Embed Frameworks";
			runOnlyForDeploymentPostprocessing = 0;
		};
/* End PBXCopyFilesBuildPhase section */

/* Begin PBXFileReference section */
		CC0591BD2ADCA022000E0AB8 /* ModalHelper.swift */ = {isa = PBXFileReference; lastKnownFileType = sourcecode.swift; path = ModalHelper.swift; sourceTree = "<group>"; };
		CC87C3EE2ACA47EF008C9E0A /* BM-CamView.app */ = {isa = PBXFileReference; explicitFileType = wrapper.application; includeInIndex = 0; path = "BM-CamView.app"; sourceTree = BUILT_PRODUCTS_DIR; };
		CC87C3F12ACA47EF008C9E0A /* AppDelegate.swift */ = {isa = PBXFileReference; lastKnownFileType = sourcecode.swift; path = AppDelegate.swift; sourceTree = "<group>"; };
		CC87C3F32ACA47EF008C9E0A /* SceneDelegate.swift */ = {isa = PBXFileReference; lastKnownFileType = sourcecode.swift; path = SceneDelegate.swift; sourceTree = "<group>"; };
		CC87C3F52ACA47EF008C9E0A /* ViewController.swift */ = {isa = PBXFileReference; lastKnownFileType = sourcecode.swift; path = ViewController.swift; sourceTree = "<group>"; };
		CC87C3F82ACA47EF008C9E0A /* Base */ = {isa = PBXFileReference; lastKnownFileType = file.storyboard; name = Base; path = Base.lproj/Main.storyboard; sourceTree = "<group>"; };
		CC87C3FA2ACA47F1008C9E0A /* Assets.xcassets */ = {isa = PBXFileReference; lastKnownFileType = folder.assetcatalog; path = Assets.xcassets; sourceTree = "<group>"; };
		CC87C3FD2ACA47F1008C9E0A /* Base */ = {isa = PBXFileReference; lastKnownFileType = file.storyboard; name = Base; path = Base.lproj/LaunchScreen.storyboard; sourceTree = "<group>"; };
		CC87C3FF2ACA47F1008C9E0A /* Info.plist */ = {isa = PBXFileReference; lastKnownFileType = text.plist.xml; path = Info.plist; sourceTree = "<group>"; };
		CCBD0EB42ACE2A7700C7BCEF /* Utility.xcodeproj */ = {isa = PBXFileReference; lastKnownFileType = "wrapper.pb-project"; name = Utility.xcodeproj; path = Utility/Apple/Utility.xcodeproj; sourceTree = "<group>"; };
		CCBD0EBA2ACE2A9300C7BCEF /* CCU.xcodeproj */ = {isa = PBXFileReference; lastKnownFileType = "wrapper.pb-project"; name = CCU.xcodeproj; path = Protocol/CCU/Apple/CCU.xcodeproj; sourceTree = "<group>"; };
		CCBD0EC12ACE2AA100C7BCEF /* BluetoothControl.xcodeproj */ = {isa = PBXFileReference; lastKnownFileType = "wrapper.pb-project"; name = BluetoothControl.xcodeproj; path = TransportControl/BluetoothControl/Apple/BluetoothControl.xcodeproj; sourceTree = "<group>"; };
		CCBD0EC92ACE2AAF00C7BCEF /* CameraControlInterface.xcodeproj */ = {isa = PBXFileReference; lastKnownFileType = "wrapper.pb-project"; name = CameraControlInterface.xcodeproj; path = CameraControlInterface/Apple/CameraControlInterface.xcodeproj; sourceTree = "<group>"; };
/* End PBXFileReference section */

/* Begin PBXFrameworksBuildPhase section */
		CC87C3EB2ACA47EF008C9E0A /* Frameworks */ = {
			isa = PBXFrameworksBuildPhase;
			buildActionMask = 2147483647;
			files = (
				CC9064722ACE2B3E00616006 /* CCU.framework in Frameworks */,
				CC9064742ACE2B4000616006 /* Utility.framework in Frameworks */,
				CC90646D2ACE2B3A00616006 /* BluetoothControl.framework in Frameworks */,
				CC9064702ACE2B3C00616006 /* CameraControlInterface.framework in Frameworks */,
			);
			runOnlyForDeploymentPostprocessing = 0;
		};
/* End PBXFrameworksBuildPhase section */

/* Begin PBXGroup section */
		CC0591B82ADCA003000E0AB8 /* Utility */ = {
			isa = PBXGroup;
			children = (
				CC0591BD2ADCA022000E0AB8 /* ModalHelper.swift */,
			);
			path = Utility;
			sourceTree = "<group>";
		};
		CC87C3E52ACA47EF008C9E0A = {
			isa = PBXGroup;
			children = (
				CCBD0EB32ACE2A4300C7BCEF /* Frameworks */,
				CC87C3F02ACA47EF008C9E0A /* BM-CamView */,
				CC87C3EF2ACA47EF008C9E0A /* Products */,
			);
			sourceTree = "<group>";
		};
		CC87C3EF2ACA47EF008C9E0A /* Products */ = {
			isa = PBXGroup;
			children = (
				CC87C3EE2ACA47EF008C9E0A /* BM-CamView.app */,
			);
			name = Products;
			sourceTree = "<group>";
		};
		CC87C3F02ACA47EF008C9E0A /* BM-CamView */ = {
			isa = PBXGroup;
			children = (
				CC0591B82ADCA003000E0AB8 /* Utility */,
				CC87C3F12ACA47EF008C9E0A /* AppDelegate.swift */,
				CC87C3F32ACA47EF008C9E0A /* SceneDelegate.swift */,
				CC87C3F52ACA47EF008C9E0A /* ViewController.swift */,
				CC87C3F72ACA47EF008C9E0A /* Main.storyboard */,
				CC87C3FA2ACA47F1008C9E0A /* Assets.xcassets */,
				CC87C3FC2ACA47F1008C9E0A /* LaunchScreen.storyboard */,
				CC87C3FF2ACA47F1008C9E0A /* Info.plist */,
			);
			path = "BM-CamView";
			sourceTree = "<group>";
		};
		CCBD0EB32ACE2A4300C7BCEF /* Frameworks */ = {
			isa = PBXGroup;
			children = (
				CCBD0EC92ACE2AAF00C7BCEF /* CameraControlInterface.xcodeproj */,
				CCBD0EC12ACE2AA100C7BCEF /* BluetoothControl.xcodeproj */,
				CCBD0EBA2ACE2A9300C7BCEF /* CCU.xcodeproj */,
				CCBD0EB42ACE2A7700C7BCEF /* Utility.xcodeproj */,
			);
			path = Frameworks;
			sourceTree = "<group>";
		};
		CCBD0EB52ACE2A7700C7BCEF /* Products */ = {
			isa = PBXGroup;
			children = (
				CCBD0EB92ACE2A7700C7BCEF /* Utility.framework */,
			);
			name = Products;
			sourceTree = "<group>";
		};
		CCBD0EBB2ACE2A9300C7BCEF /* Products */ = {
			isa = PBXGroup;
			children = (
				CCBD0EC02ACE2A9300C7BCEF /* CCU.framework */,
			);
			name = Products;
			sourceTree = "<group>";
		};
		CCBD0EC22ACE2AA100C7BCEF /* Products */ = {
			isa = PBXGroup;
			children = (
				CCBD0EC82ACE2AA100C7BCEF /* BluetoothControl.framework */,
			);
			name = Products;
			sourceTree = "<group>";
		};
		CCBD0ECA2ACE2AAF00C7BCEF /* Products */ = {
			isa = PBXGroup;
			children = (
				CCBD0ED62ACE2AAF00C7BCEF /* CameraControlInterface.framework */,
			);
			name = Products;
			sourceTree = "<group>";
		};
/* End PBXGroup section */

/* Begin PBXNativeTarget section */
		CC87C3ED2ACA47EF008C9E0A /* BM-CamView */ = {
			isa = PBXNativeTarget;
			buildConfigurationList = CC87C4022ACA47F1008C9E0A /* Build configuration list for PBXNativeTarget "BM-CamView" */;
			buildPhases = (
				CC87C3EA2ACA47EF008C9E0A /* Sources */,
				CC87C3EB2ACA47EF008C9E0A /* Frameworks */,
				CC87C3EC2ACA47EF008C9E0A /* Resources */,
				CC90646F2ACE2B3A00616006 /* Embed Frameworks */,
			);
			buildRules = (
			);
			dependencies = (
			);
			name = "BM-CamView";
			productName = "BM-CamView";
			productReference = CC87C3EE2ACA47EF008C9E0A /* BM-CamView.app */;
			productType = "com.apple.product-type.application";
		};
/* End PBXNativeTarget section */

/* Begin PBXProject section */
		CC87C3E62ACA47EF008C9E0A /* Project object */ = {
			isa = PBXProject;
			attributes = {
				BuildIndependentTargetsInParallel = 1;
				LastSwiftUpdateCheck = 1500;
				LastUpgradeCheck = 1500;
				TargetAttributes = {
					CC87C3ED2ACA47EF008C9E0A = {
						CreatedOnToolsVersion = 15.0;
					};
				};
			};
			buildConfigurationList = CC87C3E92ACA47EF008C9E0A /* Build configuration list for PBXProject "BM-CamView" */;
			compatibilityVersion = "Xcode 14.0";
			developmentRegion = en;
			hasScannedForEncodings = 0;
			knownRegions = (
				en,
				Base,
			);
			mainGroup = CC87C3E52ACA47EF008C9E0A;
			productRefGroup = CC87C3EF2ACA47EF008C9E0A /* Products */;
			projectDirPath = "";
			projectReferences = (
				{
					ProductGroup = CCBD0EC22ACE2AA100C7BCEF /* Products */;
					ProjectRef = CCBD0EC12ACE2AA100C7BCEF /* BluetoothControl.xcodeproj */;
				},
				{
					ProductGroup = CCBD0ECA2ACE2AAF00C7BCEF /* Products */;
					ProjectRef = CCBD0EC92ACE2AAF00C7BCEF /* CameraControlInterface.xcodeproj */;
				},
				{
					ProductGroup = CCBD0EBB2ACE2A9300C7BCEF /* Products */;
					ProjectRef = CCBD0EBA2ACE2A9300C7BCEF /* CCU.xcodeproj */;
				},
				{
					ProductGroup = CCBD0EB52ACE2A7700C7BCEF /* Products */;
					ProjectRef = CCBD0EB42ACE2A7700C7BCEF /* Utility.xcodeproj */;
				},
			);
			projectRoot = "";
			targets = (
				CC87C3ED2ACA47EF008C9E0A /* BM-CamView */,
			);
		};
/* End PBXProject section */

/* Begin PBXReferenceProxy section */
		CCBD0EB92ACE2A7700C7BCEF /* Utility.framework */ = {
			isa = PBXReferenceProxy;
			fileType = wrapper.framework;
			path = Utility.framework;
			remoteRef = CCBD0EB82ACE2A7700C7BCEF /* PBXContainerItemProxy */;
			sourceTree = BUILT_PRODUCTS_DIR;
		};
		CCBD0EC02ACE2A9300C7BCEF /* CCU.framework */ = {
			isa = PBXReferenceProxy;
			fileType = wrapper.framework;
			path = CCU.framework;
			remoteRef = CCBD0EBF2ACE2A9300C7BCEF /* PBXContainerItemProxy */;
			sourceTree = BUILT_PRODUCTS_DIR;
		};
		CCBD0EC82ACE2AA100C7BCEF /* BluetoothControl.framework */ = {
			isa = PBXReferenceProxy;
			fileType = wrapper.framework;
			path = BluetoothControl.framework;
			remoteRef = CCBD0EC72ACE2AA100C7BCEF /* PBXContainerItemProxy */;
			sourceTree = BUILT_PRODUCTS_DIR;
		};
		CCBD0ED62ACE2AAF00C7BCEF /* CameraControlInterface.framework */ = {
			isa = PBXReferenceProxy;
			fileType = wrapper.framework;
			path = CameraControlInterface.framework;
			remoteRef = CCBD0ED52ACE2AAF00C7BCEF /* PBXContainerItemProxy */;
			sourceTree = BUILT_PRODUCTS_DIR;
		};
/* End PBXReferenceProxy section */

/* Begin PBXResourcesBuildPhase section */
		CC87C3EC2ACA47EF008C9E0A /* Resources */ = {
			isa = PBXResourcesBuildPhase;
			buildActionMask = 2147483647;
			files = (
				CC87C3FE2ACA47F1008C9E0A /* LaunchScreen.storyboard in Resources */,
				CC87C3FB2ACA47F1008C9E0A /* Assets.xcassets in Resources */,
				CC87C3F92ACA47EF008C9E0A /* Main.storyboard in Resources */,
			);
			runOnlyForDeploymentPostprocessing = 0;
		};
/* End PBXResourcesBuildPhase section */

/* Begin PBXSourcesBuildPhase section */
		CC87C3EA2ACA47EF008C9E0A /* Sources */ = {
			isa = PBXSourcesBuildPhase;
			buildActionMask = 2147483647;
			files = (
				CC87C3F62ACA47EF008C9E0A /* ViewController.swift in Sources */,
				CC0591BE2ADCA022000E0AB8 /* ModalHelper.swift in Sources */,
				CC87C3F22ACA47EF008C9E0A /* AppDelegate.swift in Sources */,
				CC87C3F42ACA47EF008C9E0A /* SceneDelegate.swift in Sources */,
			);
			runOnlyForDeploymentPostprocessing = 0;
		};
/* End PBXSourcesBuildPhase section */

/* Begin PBXVariantGroup section */
		CC87C3F72ACA47EF008C9E0A /* Main.storyboard */ = {
			isa = PBXVariantGroup;
			children = (
				CC87C3F82ACA47EF008C9E0A /* Base */,
			);
			name = Main.storyboard;
			sourceTree = "<group>";
		};
		CC87C3FC2ACA47F1008C9E0A /* LaunchScreen.storyboard */ = {
			isa = PBXVariantGroup;
			children = (
				CC87C3FD2ACA47F1008C9E0A /* Base */,
			);
			name = LaunchScreen.storyboard;
			sourceTree = "<group>";
		};
/* End PBXVariantGroup section */

/* Begin XCBuildConfiguration section */
		CC87C4002ACA47F1008C9E0A /* Debug */ = {
			isa = XCBuildConfiguration;
			buildSettings = {
				ALWAYS_SEARCH_USER_PATHS = NO;
				ASSETCATALOG_COMPILER_GENERATE_SWIFT_ASSET_SYMBOL_EXTENSIONS = YES;
				CLANG_ANALYZER_NONNULL = YES;
				CLANG_ANALYZER_NUMBER_OBJECT_CONVERSION = YES_AGGRESSIVE;
				CLANG_CXX_LANGUAGE_STANDARD = "gnu++20";
				CLANG_ENABLE_MODULES = YES;
				CLANG_ENABLE_OBJC_ARC = YES;
				CLANG_ENABLE_OBJC_WEAK = YES;
				CLANG_WARN_BLOCK_CAPTURE_AUTORELEASING = YES;
				CLANG_WARN_BOOL_CONVERSION = YES;
				CLANG_WARN_COMMA = YES;
				CLANG_WARN_CONSTANT_CONVERSION = YES;
				CLANG_WARN_DEPRECATED_OBJC_IMPLEMENTATIONS = YES;
				CLANG_WARN_DIRECT_OBJC_ISA_USAGE = YES_ERROR;
				CLANG_WARN_DOCUMENTATION_COMMENTS = YES;
				CLANG_WARN_EMPTY_BODY = YES;
				CLANG_WARN_ENUM_CONVERSION = YES;
				CLANG_WARN_INFINITE_RECURSION = YES;
				CLANG_WARN_INT_CONVERSION = YES;
				CLANG_WARN_NON_LITERAL_NULL_CONVERSION = YES;
				CLANG_WARN_OBJC_IMPLICIT_RETAIN_SELF = YES;
				CLANG_WARN_OBJC_LITERAL_CONVERSION = YES;
				CLANG_WARN_OBJC_ROOT_CLASS = YES_ERROR;
				CLANG_WARN_QUOTED_INCLUDE_IN_FRAMEWORK_HEADER = YES;
				CLANG_WARN_RANGE_LOOP_ANALYSIS = YES;
				CLANG_WARN_STRICT_PROTOTYPES = YES;
				CLANG_WARN_SUSPICIOUS_MOVE = YES;
				CLANG_WARN_UNGUARDED_AVAILABILITY = YES_AGGRESSIVE;
				CLANG_WARN_UNREACHABLE_CODE = YES;
				CLANG_WARN__DUPLICATE_METHOD_MATCH = YES;
				COPY_PHASE_STRIP = NO;
				DEBUG_INFORMATION_FORMAT = dwarf;
				ENABLE_STRICT_OBJC_MSGSEND = YES;
				ENABLE_TESTABILITY = YES;
				ENABLE_USER_SCRIPT_SANDBOXING = YES;
				GCC_C_LANGUAGE_STANDARD = gnu17;
				GCC_DYNAMIC_NO_PIC = NO;
				GCC_NO_COMMON_BLOCKS = YES;
				GCC_OPTIMIZATION_LEVEL = 0;
				GCC_PREPROCESSOR_DEFINITIONS = (
					"DEBUG=1",
					"$(inherited)",
				);
				GCC_WARN_64_TO_32_BIT_CONVERSION = YES;
				GCC_WARN_ABOUT_RETURN_TYPE = YES_ERROR;
				GCC_WARN_UNDECLARED_SELECTOR = YES;
				GCC_WARN_UNINITIALIZED_AUTOS = YES_AGGRESSIVE;
				GCC_WARN_UNUSED_FUNCTION = YES;
				GCC_WARN_UNUSED_VARIABLE = YES;
				IPHONEOS_DEPLOYMENT_TARGET = 17.0;
				LOCALIZATION_PREFERS_STRING_CATALOGS = YES;
				MTL_ENABLE_DEBUG_INFO = INCLUDE_SOURCE;
				MTL_FAST_MATH = YES;
				ONLY_ACTIVE_ARCH = YES;
				SDKROOT = iphoneos;
				SWIFT_ACTIVE_COMPILATION_CONDITIONS = "DEBUG $(inherited)";
				SWIFT_OPTIMIZATION_LEVEL = "-Onone";
			};
			name = Debug;
		};
		CC87C4012ACA47F1008C9E0A /* Release */ = {
			isa = XCBuildConfiguration;
			buildSettings = {
				ALWAYS_SEARCH_USER_PATHS = NO;
				ASSETCATALOG_COMPILER_GENERATE_SWIFT_ASSET_SYMBOL_EXTENSIONS = YES;
				CLANG_ANALYZER_NONNULL = YES;
				CLANG_ANALYZER_NUMBER_OBJECT_CONVERSION = YES_AGGRESSIVE;
				CLANG_CXX_LANGUAGE_STANDARD = "gnu++20";
				CLANG_ENABLE_MODULES = YES;
				CLANG_ENABLE_OBJC_ARC = YES;
				CLANG_ENABLE_OBJC_WEAK = YES;
				CLANG_WARN_BLOCK_CAPTURE_AUTORELEASING = YES;
				CLANG_WARN_BOOL_CONVERSION = YES;
				CLANG_WARN_COMMA = YES;
				CLANG_WARN_CONSTANT_CONVERSION = YES;
				CLANG_WARN_DEPRECATED_OBJC_IMPLEMENTATIONS = YES;
				CLANG_WARN_DIRECT_OBJC_ISA_USAGE = YES_ERROR;
				CLANG_WARN_DOCUMENTATION_COMMENTS = YES;
				CLANG_WARN_EMPTY_BODY = YES;
				CLANG_WARN_ENUM_CONVERSION = YES;
				CLANG_WARN_INFINITE_RECURSION = YES;
				CLANG_WARN_INT_CONVERSION = YES;
				CLANG_WARN_NON_LITERAL_NULL_CONVERSION = YES;
				CLANG_WARN_OBJC_IMPLICIT_RETAIN_SELF = YES;
				CLANG_WARN_OBJC_LITERAL_CONVERSION = YES;
				CLANG_WARN_OBJC_ROOT_CLASS = YES_ERROR;
				CLANG_WARN_QUOTED_INCLUDE_IN_FRAMEWORK_HEADER = YES;
				CLANG_WARN_RANGE_LOOP_ANALYSIS = YES;
				CLANG_WARN_STRICT_PROTOTYPES = YES;
				CLANG_WARN_SUSPICIOUS_MOVE = YES;
				CLANG_WARN_UNGUARDED_AVAILABILITY = YES_AGGRESSIVE;
				CLANG_WARN_UNREACHABLE_CODE = YES;
				CLANG_WARN__DUPLICATE_METHOD_MATCH = YES;
				COPY_PHASE_STRIP = NO;
				DEBUG_INFORMATION_FORMAT = "dwarf-with-dsym";
				ENABLE_NS_ASSERTIONS = NO;
				ENABLE_STRICT_OBJC_MSGSEND = YES;
				ENABLE_USER_SCRIPT_SANDBOXING = YES;
				GCC_C_LANGUAGE_STANDARD = gnu17;
				GCC_NO_COMMON_BLOCKS = YES;
				GCC_WARN_64_TO_32_BIT_CONVERSION = YES;
				GCC_WARN_ABOUT_RETURN_TYPE = YES_ERROR;
				GCC_WARN_UNDECLARED_SELECTOR = YES;
				GCC_WARN_UNINITIALIZED_AUTOS = YES_AGGRESSIVE;
				GCC_WARN_UNUSED_FUNCTION = YES;
				GCC_WARN_UNUSED_VARIABLE = YES;
				IPHONEOS_DEPLOYMENT_TARGET = 17.0;
				LOCALIZATION_PREFERS_STRING_CATALOGS = YES;
				MTL_ENABLE_DEBUG_INFO = NO;
				MTL_FAST_MATH = YES;
				SDKROOT = iphoneos;
				SWIFT_COMPILATION_MODE = wholemodule;
				VALIDATE_PRODUCT = YES;
			};
			name = Release;
		};
		CC87C4032ACA47F1008C9E0A /* Debug */ = {
			isa = XCBuildConfiguration;
			buildSettings = {
				ASSETCATALOG_COMPILER_APPICON_NAME = AppIcon;
				ASSETCATALOG_COMPILER_GLOBAL_ACCENT_COLOR_NAME = AccentColor;
				CODE_SIGN_STYLE = Automatic;
				CURRENT_PROJECT_VERSION = 1;
				DEVELOPMENT_TEAM = 87KP2X8B9K;
				FRAMEWORK_SEARCH_PATHS = (
					"$(SRCROOT)/Frameworks/Utility/Apple/bin/$(CONFIGURATION)",
					"$(SRCROOT)/Frameworks/Protocol/PTP/Apple/bin/$(CONFIGURATION)",
					"$(SRCROOT)/Frameworks/TransportControl/USBControl/Apple/bin/$(CONFIGURATION)",
					"$(SRCROOT)/Frameworks/Protocol/CCU/Apple/bin/$(CONFIGURATION)",
					"$(SRCROOT)/Frameworks/TransportControl/BluetoothControl/Apple/bin/$(CONFIGURATION)",
					"$(SRCROOT)/Frameworks/CameraControlInterface/Apple/bin/$(CONFIGURATION)",
				);
				GENERATE_INFOPLIST_FILE = YES;
				INFOPLIST_FILE = "BM-CamView/Info.plist";
				INFOPLIST_KEY_NSBluetoothAlwaysUsageDescription = "Just hit the OK button";
				INFOPLIST_KEY_UIApplicationSupportsIndirectInputEvents = YES;
				INFOPLIST_KEY_UILaunchStoryboardName = LaunchScreen;
				INFOPLIST_KEY_UIMainStoryboardFile = Main;
				INFOPLIST_KEY_UISupportedInterfaceOrientations_iPad = "UIInterfaceOrientationPortrait UIInterfaceOrientationPortraitUpsideDown UIInterfaceOrientationLandscapeLeft UIInterfaceOrientationLandscapeRight";
				INFOPLIST_KEY_UISupportedInterfaceOrientations_iPhone = "UIInterfaceOrientationPortrait UIInterfaceOrientationLandscapeLeft UIInterfaceOrientationLandscapeRight";
				LD_RUNPATH_SEARCH_PATHS = (
					"$(inherited)",
					"@executable_path/Frameworks",
				);
				MARKETING_VERSION = 1.0;
				PRODUCT_BUNDLE_IDENTIFIER = "net.pbdna.BM-CamView";
				PRODUCT_NAME = "$(TARGET_NAME)";
				SWIFT_EMIT_LOC_STRINGS = YES;
				SWIFT_VERSION = 5.0;
				TARGETED_DEVICE_FAMILY = "1,2";
			};
			name = Debug;
		};
		CC87C4042ACA47F1008C9E0A /* Release */ = {
			isa = XCBuildConfiguration;
			buildSettings = {
				ASSETCATALOG_COMPILER_APPICON_NAME = AppIcon;
				ASSETCATALOG_COMPILER_GLOBAL_ACCENT_COLOR_NAME = AccentColor;
				CODE_SIGN_STYLE = Automatic;
				CURRENT_PROJECT_VERSION = 1;
				DEVELOPMENT_TEAM = 87KP2X8B9K;
				FRAMEWORK_SEARCH_PATHS = (
					"$(SRCROOT)/Frameworks/Utility/Apple/bin/$(CONFIGURATION)",
					"$(SRCROOT)/Frameworks/Protocol/PTP/Apple/bin/$(CONFIGURATION)",
					"$(SRCROOT)/Frameworks/TransportControl/USBControl/Apple/bin/$(CONFIGURATION)",
					"$(SRCROOT)/Frameworks/Protocol/CCU/Apple/bin/$(CONFIGURATION)",
					"$(SRCROOT)/Frameworks/TransportControl/BluetoothControl/Apple/bin/$(CONFIGURATION)",
					"$(SRCROOT)/Frameworks/CameraControlInterface/Apple/bin/$(CONFIGURATION)",
				);
				GENERATE_INFOPLIST_FILE = YES;
				INFOPLIST_FILE = "BM-CamView/Info.plist";
				INFOPLIST_KEY_NSBluetoothAlwaysUsageDescription = "Just hit the OK button";
				INFOPLIST_KEY_UIApplicationSupportsIndirectInputEvents = YES;
				INFOPLIST_KEY_UILaunchStoryboardName = LaunchScreen;
				INFOPLIST_KEY_UIMainStoryboardFile = Main;
				INFOPLIST_KEY_UISupportedInterfaceOrientations_iPad = "UIInterfaceOrientationPortrait UIInterfaceOrientationPortraitUpsideDown UIInterfaceOrientationLandscapeLeft UIInterfaceOrientationLandscapeRight";
				INFOPLIST_KEY_UISupportedInterfaceOrientations_iPhone = "UIInterfaceOrientationPortrait UIInterfaceOrientationLandscapeLeft UIInterfaceOrientationLandscapeRight";
				LD_RUNPATH_SEARCH_PATHS = (
					"$(inherited)",
					"@executable_path/Frameworks",
				);
				MARKETING_VERSION = 1.0;
				PRODUCT_BUNDLE_IDENTIFIER = "net.pbdna.BM-CamView";
				PRODUCT_NAME = "$(TARGET_NAME)";
				SWIFT_EMIT_LOC_STRINGS = YES;
				SWIFT_VERSION = 5.0;
				TARGETED_DEVICE_FAMILY = "1,2";
			};
			name = Release;
		};
/* End XCBuildConfiguration section */

/* Begin XCConfigurationList section */
		CC87C3E92ACA47EF008C9E0A /* Build configuration list for PBXProject "BM-CamView" */ = {
			isa = XCConfigurationList;
			buildConfigurations = (
				CC87C4002ACA47F1008C9E0A /* Debug */,
				CC87C4012ACA47F1008C9E0A /* Release */,
			);
			defaultConfigurationIsVisible = 0;
			defaultConfigurationName = Release;
		};
		CC87C4022ACA47F1008C9E0A /* Build configuration list for PBXNativeTarget "BM-CamView" */ = {
			isa = XCConfigurationList;
			buildConfigurations = (
				CC87C4032ACA47F1008C9E0A /* Debug */,
				CC87C4042ACA47F1008C9E0A /* Release */,
			);
			defaultConfigurationIsVisible = 0;
			defaultConfigurationName = Release;
		};
/* End XCConfigurationList section */
	};
	rootObject = CC87C3E62ACA47EF008C9E0A /* Project object */;
}
